// !$*UTF8*$!
{
	archiveVersion = 1;
	classes = {
	};
	objectVersion = 45;
	objects = {

/* Begin PBXAggregateTarget section */
		0EA808711020E77E004F84D0 /* BlazingStars */ = {
			isa = PBXAggregateTarget;
			buildConfigurationList = 0EA808781020E782004F84D0 /* Build configuration list for PBXAggregateTarget "BlazingStars" */;
			buildPhases = (
				0EA808701020E77E004F84D0 /* ShellScript */,
			);
			dependencies = (
				0EA8087A1020E78C004F84D0 /* PBXTargetDependency */,
			);
			name = BlazingStars;
			productName = Distribution;
		};
/* End PBXAggregateTarget section */

/* Begin PBXBuildFile section */
		0E09148111729BC800F5928A /* Hyper-Simple.plist in Resources */ = {isa = PBXBuildFile; fileRef = 0E09148011729BC800F5928A /* Hyper-Simple.plist */; };
		0E09148511729C0200F5928A /* FullTiltTheme.m in Sources */ = {isa = PBXBuildFile; fileRef = 0E09148411729C0200F5928A /* FullTiltTheme.m */; };
		0E0914891172BB7400F5928A /* FullTiltInfo.m in Sources */ = {isa = PBXBuildFile; fileRef = 0E0914881172BB7400F5928A /* FullTiltInfo.m */; };
		0E2A1AA10FCFB91200471032 /* AppController.m in Sources */ = {isa = PBXBuildFile; fileRef = 0E2A1AA00FCFB91200471032 /* AppController.m */; };
		0E2A1AA60FCFB9AD00471032 /* Menulet.m in Sources */ = {isa = PBXBuildFile; fileRef = 0E2A1AA50FCFB9AD00471032 /* Menulet.m */; };
		0E2A1AAA0FCFBC4400471032 /* pokerhk.icns in Resources */ = {isa = PBXBuildFile; fileRef = 0E2A1AA90FCFBC4400471032 /* pokerhk.icns */; };
		0E2A1AE60FCFC71A00471032 /* icon-menulet.png in Resources */ = {isa = PBXBuildFile; fileRef = 0E2A1AE50FCFC71A00471032 /* icon-menulet.png */; };
		0E2A1B4A0FCFCF1100471032 /* Credits.rtf in Resources */ = {isa = PBXBuildFile; fileRef = 0E2A1B490FCFCF1100471032 /* Credits.rtf */; };
		0E2A1BD90FD0614B00471032 /* DBPrefsWindowController.m in Sources */ = {isa = PBXBuildFile; fileRef = 0E2A1BD80FD0614B00471032 /* DBPrefsWindowController.m */; };
		0E2A1BDC0FD061E300471032 /* PrefsWindowController.m in Sources */ = {isa = PBXBuildFile; fileRef = 0E2A1BDB0FD061E300471032 /* PrefsWindowController.m */; };
		0E2A1BE00FD063EA00471032 /* Preferences.xib in Resources */ = {isa = PBXBuildFile; fileRef = 0E2A1BDE0FD063EA00471032 /* Preferences.xib */; };
		0E2A1BE30FD0670400471032 /* Advanced.png in Resources */ = {isa = PBXBuildFile; fileRef = 0E2A1BE10FD0670400471032 /* Advanced.png */; };
		0E2A1BE40FD0670400471032 /* Basic Keys.png in Resources */ = {isa = PBXBuildFile; fileRef = 0E2A1BE20FD0670400471032 /* Basic Keys.png */; };
		0E2D92D00FEEBA64002836CA /* Slick.plist in Resources */ = {isa = PBXBuildFile; fileRef = 0E2D92CF0FEEBA63002836CA /* Slick.plist */; };
		0E33E22C10F6DFEA004C9847 /* HKLowLevel.m in Sources */ = {isa = PBXBuildFile; fileRef = 0E33E22B10F6DFEA004C9847 /* HKLowLevel.m */; };
		0E33E23D10F6E3BE004C9847 /* SOLogger.framework in Frameworks */ = {isa = PBXBuildFile; fileRef = 0E33E23C10F6E3BE004C9847 /* SOLogger.framework */; };
		0E33E25610F6E87B004C9847 /* SOLogger.framework in Copy Sparkle */ = {isa = PBXBuildFile; fileRef = 0E33E23C10F6E3BE004C9847 /* SOLogger.framework */; };
		0E46AF5C116E951F000980A7 /* CMCrashReporter.framework in Frameworks */ = {isa = PBXBuildFile; fileRef = 0E46AF5B116E951F000980A7 /* CMCrashReporter.framework */; };
		0E46AF63116E9523000980A7 /* CMCrashReporter.framework in Copy CrashReporter */ = {isa = PBXBuildFile; fileRef = 0E46AF5B116E951F000980A7 /* CMCrashReporter.framework */; };
		0E46F1281044726E00EC807B /* convert in Resources */ = {isa = PBXBuildFile; fileRef = 0E46F1271044726E00EC807B /* convert */; };
		0E4D73AE10DF35C80058D4FA /* speechCommands.plist in Resources */ = {isa = PBXBuildFile; fileRef = 0E4D73AD10DF35C80058D4FA /* speechCommands.plist */; };
		0E5526AA0FDCBB150071ACC6 /* Racetrack.plist in Resources */ = {isa = PBXBuildFile; fileRef = 0E5526A80FDCBB150071ACC6 /* Racetrack.plist */; };
		0E5526AB0FDCBB150071ACC6 /* Black.plist in Resources */ = {isa = PBXBuildFile; fileRef = 0E5526A90FDCBB150071ACC6 /* Black.plist */; };
		0E5528230FDCD9BA0071ACC6 /* keyMap.plist in Resources */ = {isa = PBXBuildFile; fileRef = 0E5528220FDCD9BA0071ACC6 /* keyMap.plist */; };
		0E5DD4320FDA25CC000670D2 /* Pot Bets.png in Resources */ = {isa = PBXBuildFile; fileRef = 0E5DD4310FDA25CC000670D2 /* Pot Bets.png */; };
		0E5DD4640FDA4595000670D2 /* Open:Close.png in Resources */ = {isa = PBXBuildFile; fileRef = 0E5DD4630FDA4595000670D2 /* Open:Close.png */; };
		0E63778610E194D500A3DF98 /* PrefsView.m in Sources */ = {isa = PBXBuildFile; fileRef = 0E63778510E194D500A3DF98 /* PrefsView.m */; };
		0E85D1C10FDE43EE00E8E225 /* HKWindowManager.m in Sources */ = {isa = PBXBuildFile; fileRef = 0E85D1C00FDE43EE00E8E225 /* HKWindowManager.m */; };
		0E8A2E0910F4868000C26293 /* Windows.png in Resources */ = {isa = PBXBuildFile; fileRef = 0E8A2E0810F4868000C26293 /* Windows.png */; };
		0E8A2EF310F49A2F00C26293 /* HKTransparentBorderedView.m in Sources */ = {isa = PBXBuildFile; fileRef = 0E8A2EF210F49A2F00C26293 /* HKTransparentBorderedView.m */; };
		0E8A2FE410F53FF800C26293 /* HKTransparentWindow.m in Sources */ = {isa = PBXBuildFile; fileRef = 0E8A2FE310F53FF800C26293 /* HKTransparentWindow.m */; };
		0EA4581010F31EF600CE056C /* Quartz.framework in Frameworks */ = {isa = PBXBuildFile; fileRef = 0EA4580F10F31EF600CE056C /* Quartz.framework */; };
		0EA4FC0E0FE174CC00CEE1BE /* CTGradient.m in Sources */ = {isa = PBXBuildFile; fileRef = 0EA4FC020FE174CC00CEE1BE /* CTGradient.m */; };
		0EA4FC0F0FE174CC00CEE1BE /* SRCommon.m in Sources */ = {isa = PBXBuildFile; fileRef = 0EA4FC050FE174CC00CEE1BE /* SRCommon.m */; };
		0EA4FC100FE174CC00CEE1BE /* SRKeyCodeTransformer.m in Sources */ = {isa = PBXBuildFile; fileRef = 0EA4FC070FE174CC00CEE1BE /* SRKeyCodeTransformer.m */; };
		0EA4FC110FE174CC00CEE1BE /* SRRecorderCell.m in Sources */ = {isa = PBXBuildFile; fileRef = 0EA4FC090FE174CC00CEE1BE /* SRRecorderCell.m */; };
		0EA4FC120FE174CC00CEE1BE /* SRRecorderControl.m in Sources */ = {isa = PBXBuildFile; fileRef = 0EA4FC0B0FE174CC00CEE1BE /* SRRecorderControl.m */; };
		0EA4FC130FE174CC00CEE1BE /* SRValidator.m in Sources */ = {isa = PBXBuildFile; fileRef = 0EA4FC0D0FE174CC00CEE1BE /* SRValidator.m */; };
		0EA807CE1020D5A9004F84D0 /* Sparkle.framework in Frameworks */ = {isa = PBXBuildFile; fileRef = 0EA807CD1020D5A9004F84D0 /* Sparkle.framework */; };
		0EA807DA1020D5E5004F84D0 /* Sparkle.framework in Copy Sparkle */ = {isa = PBXBuildFile; fileRef = 0EA807CD1020D5A9004F84D0 /* Sparkle.framework */; };
		0EA807E81020D92C004F84D0 /* dsa_pub.pem in Resources */ = {isa = PBXBuildFile; fileRef = 0EA807E71020D92C004F84D0 /* dsa_pub.pem */; };
		0EAD6628111A60A800FCE08C /* DSClickableURLTextField.m in Sources */ = {isa = PBXBuildFile; fileRef = 0EAD6627111A60A800FCE08C /* DSClickableURLTextField.m */; };
		0EB20C9B10028679008A5D14 /* BlazingStars Help in Resources */ = {isa = PBXBuildFile; fileRef = 0EB20C9710028679008A5D14 /* BlazingStars Help */; };
		0EB4DAA9113C76CE00CE6AE4 /* Shiny.plist in Resources */ = {isa = PBXBuildFile; fileRef = 0EB4DAA8113C76CE00CE6AE4 /* Shiny.plist */; };
		0EB4DAAD113C79E300CE6AE4 /* Renaissance.plist in Resources */ = {isa = PBXBuildFile; fileRef = 0EB4DAAC113C79E300CE6AE4 /* Renaissance.plist */; };
		0EB8C2AF10433AC60023522F /* readme.rtf in Resources */ = {isa = PBXBuildFile; fileRef = 0EB8C2AE10433AC60023522F /* readme.rtf */; };
		0EC67AFC0FD0AB73000A33AA /* Carbon.framework in Frameworks */ = {isa = PBXBuildFile; fileRef = 0EC67AFB0FD0AB73000A33AA /* Carbon.framework */; };
		0EC6840F0FD3984D000A33AA /* HKDispatchController.m in Sources */ = {isa = PBXBuildFile; fileRef = 0EC6840E0FD3984D000A33AA /* HKDispatchController.m */; };
		0ECA761A1104F8BC00562BF2 /* FramePreviewView.m in Sources */ = {isa = PBXBuildFile; fileRef = 0ECA76191104F8BC00562BF2 /* FramePreviewView.m */; };
		0ED0FBDF10E20A1E000DF720 /* license.rtf in Resources */ = {isa = PBXBuildFile; fileRef = 0ED0FBDE10E20A1E000DF720 /* license.rtf */; };
		0ED0FBE710E212AC000DF720 /* create-dmg in Resources */ = {isa = PBXBuildFile; fileRef = 0ED0FBE410E212AC000DF720 /* create-dmg */; };
		0ED0FBE810E212AC000DF720 /* dmg_background.jpg in Resources */ = {isa = PBXBuildFile; fileRef = 0ED0FBE510E212AC000DF720 /* dmg_background.jpg */; };
		0ED0FBE910E212AC000DF720 /* dmg_background.psd in Resources */ = {isa = PBXBuildFile; fileRef = 0ED0FBE610E212AC000DF720 /* dmg_background.psd */; };
		0ED0FBF610E21352000DF720 /* AdiumApplescriptRunner in Resources */ = {isa = PBXBuildFile; fileRef = 0ED0FBF410E21351000DF720 /* AdiumApplescriptRunner */; };
		0ED0FBF710E21352000DF720 /* template.applescript in Sources */ = {isa = PBXBuildFile; fileRef = 0ED0FBF510E21351000DF720 /* template.applescript */; };
		0EE7BD980FE7718500F1429A /* HKScreenScraper.m in Sources */ = {isa = PBXBuildFile; fileRef = 0EE7BD970FE7718500F1429A /* HKScreenScraper.m */; };
		0EE7BDCE0FE7736500F1429A /* tesseract in Resources */ = {isa = PBXBuildFile; fileRef = 0EE7BDC40FE7736500F1429A /* tesseract */; };
		0EE7BDEE0FE7748F00F1429A /* tessdata in Resources */ = {isa = PBXBuildFile; fileRef = 0EE7BDE40FE7748F00F1429A /* tessdata */; };
		0EE7BE0F0FE775BA00F1429A /* TFTesseractWrapper.m in Sources */ = {isa = PBXBuildFile; fileRef = 0EE7BE0B0FE775BA00F1429A /* TFTesseractWrapper.m */; };
		0EE7BE100FE775BA00F1429A /* OpenGLScreenReader.m in Sources */ = {isa = PBXBuildFile; fileRef = 0EE7BE0D0FE775BA00F1429A /* OpenGLScreenReader.m */; };
		0EE7BE1D0FE7765000F1429A /* OpenGL.framework in Frameworks */ = {isa = PBXBuildFile; fileRef = 0EE7BE1C0FE7765000F1429A /* OpenGL.framework */; };
		0EF91D700FDB805F00FB01E7 /* HKThemeController.m in Sources */ = {isa = PBXBuildFile; fileRef = 0EF91D6F0FDB805F00FB01E7 /* HKThemeController.m */; };
		0EF91D800FDB81DE00FB01E7 /* Setup.png in Resources */ = {isa = PBXBuildFile; fileRef = 0EF91D7F0FDB81DE00FB01E7 /* Setup.png */; };
		1DDD58160DA1D0A300B32029 /* MainMenu.xib in Resources */ = {isa = PBXBuildFile; fileRef = 1DDD58140DA1D0A300B32029 /* MainMenu.xib */; };
		32EC1B3310F9ED25000C972F /* Classic.plist in Resources */ = {isa = PBXBuildFile; fileRef = 32EC1B3210F9ED25000C972F /* Classic.plist */; };
		6699233C1210ED9F008A9EE1 /* icon-menulet-disabled.png in Resources */ = {isa = PBXBuildFile; fileRef = 6699233B1210ED9F008A9EE1 /* icon-menulet-disabled.png */; };
		66EE0EC712973E9D00564419 /* LayoutViewer.xib in Resources */ = {isa = PBXBuildFile; fileRef = 66EE0EC612973E9D00564419 /* LayoutViewer.xib */; };
		66EE0EF61297467700564419 /* LayoutViewAppDelegate.m in Sources */ = {isa = PBXBuildFile; fileRef = 66EE0EF51297467700564419 /* LayoutViewAppDelegate.m */; };
		66EE0F251297480F00564419 /* main.m in Sources */ = {isa = PBXBuildFile; fileRef = 29B97316FDCFA39411CA2CEA /* main.m */; };
		66EE0F3D1297491000564419 /* QuartzCore.framework in Frameworks */ = {isa = PBXBuildFile; fileRef = 66EE0F3C1297491000564419 /* QuartzCore.framework */; };
		66EE0FCE1297499200564419 /* Quartz.framework in Frameworks */ = {isa = PBXBuildFile; fileRef = 66EE0FCD1297499200564419 /* Quartz.framework */; };
		66EE0FEC1297555200564419 /* PokerStarsTheme.m in Sources */ = {isa = PBXBuildFile; fileRef = AA286D1A10E92C3C00D8DBED /* PokerStarsTheme.m */; };
		66EE0FEE1297555B00564419 /* Black.plist in Resources */ = {isa = PBXBuildFile; fileRef = 0E5526A90FDCBB150071ACC6 /* Black.plist */; };
		66EE0FEF1297555B00564419 /* Classic.plist in Resources */ = {isa = PBXBuildFile; fileRef = 32EC1B3210F9ED25000C972F /* Classic.plist */; };
		66EE0FF01297555C00564419 /* Hyper-Simple.plist in Resources */ = {isa = PBXBuildFile; fileRef = 0E09148011729BC800F5928A /* Hyper-Simple.plist */; };
		66EE0FF11297555D00564419 /* Racetrack.plist in Resources */ = {isa = PBXBuildFile; fileRef = 0E5526A80FDCBB150071ACC6 /* Racetrack.plist */; };
		66EE0FF21297555D00564419 /* Shiny.plist in Resources */ = {isa = PBXBuildFile; fileRef = 0EB4DAA8113C76CE00CE6AE4 /* Shiny.plist */; };
		66EE0FF31297555E00564419 /* Renaissance.plist in Resources */ = {isa = PBXBuildFile; fileRef = 0EB4DAAC113C79E300CE6AE4 /* Renaissance.plist */; };
		66EE0FF41297555F00564419 /* Slick.plist in Resources */ = {isa = PBXBuildFile; fileRef = 0E2D92CF0FEEBA63002836CA /* Slick.plist */; };
		66EE1040129761D900564419 /* themes in Resources */ = {isa = PBXBuildFile; fileRef = 66EE103A129761D900564419 /* themes */; };
		8D11072B0486CEB800E47090 /* InfoPlist.strings in Resources */ = {isa = PBXBuildFile; fileRef = 089C165CFE840E0CC02AAC07 /* InfoPlist.strings */; };
		8D11072D0486CEB800E47090 /* main.m in Sources */ = {isa = PBXBuildFile; fileRef = 29B97316FDCFA39411CA2CEA /* main.m */; settings = {ATTRIBUTES = (); }; };
		8D11072F0486CEB800E47090 /* Cocoa.framework in Frameworks */ = {isa = PBXBuildFile; fileRef = 1058C7A1FEA54F0111CA2CBB /* Cocoa.framework */; };
		AA06DB39110CA03500C7A44C /* AboutWindow.xib in Resources */ = {isa = PBXBuildFile; fileRef = AA06DB38110CA03500C7A44C /* AboutWindow.xib */; };
		AA286D1B10E92C3C00D8DBED /* PokerStarsInfo.m in Sources */ = {isa = PBXBuildFile; fileRef = AA286D1810E92C3C00D8DBED /* PokerStarsInfo.m */; };
		AA286D1C10E92C3C00D8DBED /* PokerStarsTheme.m in Sources */ = {isa = PBXBuildFile; fileRef = AA286D1A10E92C3C00D8DBED /* PokerStarsTheme.m */; };
		AA667C9B110CDE3400B778E8 /* AboutWindowController.m in Sources */ = {isa = PBXBuildFile; fileRef = AA667C9A110CDE3400B778E8 /* AboutWindowController.m */; };
/* End PBXBuildFile section */

/* Begin PBXContainerItemProxy section */
		0EA808791020E78C004F84D0 /* PBXContainerItemProxy */ = {
			isa = PBXContainerItemProxy;
			containerPortal = 29B97313FDCFA39411CA2CEA /* Project object */;
			proxyType = 1;
			remoteGlobalIDString = 8D1107260486CEB800E47090;
			remoteInfo = PokerHK;
		};
/* End PBXContainerItemProxy section */

/* Begin PBXCopyFilesBuildPhase section */
		0E46ADCE116D3643000980A7 /* Copy CrashReporter */ = {
			isa = PBXCopyFilesBuildPhase;
			buildActionMask = 2147483647;
			dstPath = "";
			dstSubfolderSpec = 10;
			files = (
				0E46AF63116E9523000980A7 /* CMCrashReporter.framework in Copy CrashReporter */,
			);
			name = "Copy CrashReporter";
			runOnlyForDeploymentPostprocessing = 0;
		};
		0EA807D91020D5D5004F84D0 /* Copy Sparkle */ = {
			isa = PBXCopyFilesBuildPhase;
			buildActionMask = 2147483647;
			dstPath = "";
			dstSubfolderSpec = 10;
			files = (
				0E33E25610F6E87B004C9847 /* SOLogger.framework in Copy Sparkle */,
				0EA807DA1020D5E5004F84D0 /* Sparkle.framework in Copy Sparkle */,
			);
			name = "Copy Sparkle";
			runOnlyForDeploymentPostprocessing = 0;
		};
/* End PBXCopyFilesBuildPhase section */

/* Begin PBXFileReference section */
		089C165DFE840E0CC02AAC07 /* English */ = {isa = PBXFileReference; fileEncoding = 10; lastKnownFileType = text.plist.strings; name = English; path = English.lproj/InfoPlist.strings; sourceTree = "<group>"; };
		0E09148011729BC800F5928A /* Hyper-Simple.plist */ = {isa = PBXFileReference; fileEncoding = 4; lastKnownFileType = text.plist.xml; path = "Hyper-Simple.plist"; sourceTree = "<group>"; };
		0E09148311729C0200F5928A /* FullTiltTheme.h */ = {isa = PBXFileReference; fileEncoding = 4; lastKnownFileType = sourcecode.c.h; path = FullTiltTheme.h; sourceTree = "<group>"; };
		0E09148411729C0200F5928A /* FullTiltTheme.m */ = {isa = PBXFileReference; fileEncoding = 4; lastKnownFileType = sourcecode.c.objc; path = FullTiltTheme.m; sourceTree = "<group>"; };
		0E0914871172BB7400F5928A /* FullTiltInfo.h */ = {isa = PBXFileReference; fileEncoding = 4; lastKnownFileType = sourcecode.c.h; path = FullTiltInfo.h; sourceTree = "<group>"; };
		0E0914881172BB7400F5928A /* FullTiltInfo.m */ = {isa = PBXFileReference; fileEncoding = 4; lastKnownFileType = sourcecode.c.objc; path = FullTiltInfo.m; sourceTree = "<group>"; };
		0E2A1A9F0FCFB91200471032 /* AppController.h */ = {isa = PBXFileReference; fileEncoding = 4; lastKnownFileType = sourcecode.c.h; path = AppController.h; sourceTree = "<group>"; };
		0E2A1AA00FCFB91200471032 /* AppController.m */ = {isa = PBXFileReference; fileEncoding = 4; lastKnownFileType = sourcecode.c.objc; path = AppController.m; sourceTree = "<group>"; };
		0E2A1AA40FCFB9AD00471032 /* Menulet.h */ = {isa = PBXFileReference; fileEncoding = 4; lastKnownFileType = sourcecode.c.h; path = Menulet.h; sourceTree = "<group>"; };
		0E2A1AA50FCFB9AD00471032 /* Menulet.m */ = {isa = PBXFileReference; fileEncoding = 4; lastKnownFileType = sourcecode.c.objc; path = Menulet.m; sourceTree = "<group>"; };
		0E2A1AA90FCFBC4400471032 /* pokerhk.icns */ = {isa = PBXFileReference; lastKnownFileType = image.icns; path = pokerhk.icns; sourceTree = "<group>"; };
		0E2A1AE50FCFC71A00471032 /* icon-menulet.png */ = {isa = PBXFileReference; lastKnownFileType = image.png; path = "icon-menulet.png"; sourceTree = "<group>"; };
		0E2A1B490FCFCF1100471032 /* Credits.rtf */ = {isa = PBXFileReference; lastKnownFileType = text.rtf; path = Credits.rtf; sourceTree = "<group>"; };
		0E2A1BD70FD0614B00471032 /* DBPrefsWindowController.h */ = {isa = PBXFileReference; fileEncoding = 4; lastKnownFileType = sourcecode.c.h; path = DBPrefsWindowController.h; sourceTree = "<group>"; };
		0E2A1BD80FD0614B00471032 /* DBPrefsWindowController.m */ = {isa = PBXFileReference; fileEncoding = 4; lastKnownFileType = sourcecode.c.objc; path = DBPrefsWindowController.m; sourceTree = "<group>"; };
		0E2A1BDA0FD061E300471032 /* PrefsWindowController.h */ = {isa = PBXFileReference; fileEncoding = 4; lastKnownFileType = sourcecode.c.h; path = PrefsWindowController.h; sourceTree = "<group>"; };
		0E2A1BDB0FD061E300471032 /* PrefsWindowController.m */ = {isa = PBXFileReference; fileEncoding = 4; lastKnownFileType = sourcecode.c.objc; path = PrefsWindowController.m; sourceTree = "<group>"; };
		0E2A1BDF0FD063EA00471032 /* English */ = {isa = PBXFileReference; lastKnownFileType = file.xib; name = English; path = English.lproj/Preferences.xib; sourceTree = "<group>"; };
		0E2A1BE10FD0670400471032 /* Advanced.png */ = {isa = PBXFileReference; lastKnownFileType = image.png; path = Advanced.png; sourceTree = "<group>"; };
		0E2A1BE20FD0670400471032 /* Basic Keys.png */ = {isa = PBXFileReference; lastKnownFileType = image.png; path = "Basic Keys.png"; sourceTree = "<group>"; };
		0E2D92CF0FEEBA63002836CA /* Slick.plist */ = {isa = PBXFileReference; fileEncoding = 4; lastKnownFileType = text.plist.xml; path = Slick.plist; sourceTree = "<group>"; };
		0E2D945A0FEED7CA002836CA /* HKDefines.h */ = {isa = PBXFileReference; fileEncoding = 4; lastKnownFileType = sourcecode.c.h; path = HKDefines.h; sourceTree = "<group>"; };
		0E33E22A10F6DFEA004C9847 /* HKLowLevel.h */ = {isa = PBXFileReference; fileEncoding = 4; lastKnownFileType = sourcecode.c.h; path = HKLowLevel.h; sourceTree = "<group>"; };
		0E33E22B10F6DFEA004C9847 /* HKLowLevel.m */ = {isa = PBXFileReference; fileEncoding = 4; lastKnownFileType = sourcecode.c.objc; path = HKLowLevel.m; sourceTree = "<group>"; };
		0E33E23C10F6E3BE004C9847 /* SOLogger.framework */ = {isa = PBXFileReference; lastKnownFileType = wrapper.framework; path = SOLogger.framework; sourceTree = "<group>"; };
		0E46AF5B116E951F000980A7 /* CMCrashReporter.framework */ = {isa = PBXFileReference; lastKnownFileType = wrapper.framework; path = CMCrashReporter.framework; sourceTree = "<group>"; };
		0E46F1271044726E00EC807B /* convert */ = {isa = PBXFileReference; lastKnownFileType = "compiled.mach-o.executable"; path = convert; sourceTree = "<group>"; };
		0E4D73AD10DF35C80058D4FA /* speechCommands.plist */ = {isa = PBXFileReference; fileEncoding = 4; lastKnownFileType = text.plist.xml; path = speechCommands.plist; sourceTree = "<group>"; };
		0E5526A80FDCBB150071ACC6 /* Racetrack.plist */ = {isa = PBXFileReference; fileEncoding = 4; lastKnownFileType = text.plist.xml; path = Racetrack.plist; sourceTree = "<group>"; };
		0E5526A90FDCBB150071ACC6 /* Black.plist */ = {isa = PBXFileReference; fileEncoding = 4; lastKnownFileType = text.plist.xml; path = Black.plist; sourceTree = "<group>"; };
		0E5528220FDCD9BA0071ACC6 /* keyMap.plist */ = {isa = PBXFileReference; fileEncoding = 4; lastKnownFileType = text.plist.xml; path = keyMap.plist; sourceTree = "<group>"; };
		0E5DD4310FDA25CC000670D2 /* Pot Bets.png */ = {isa = PBXFileReference; lastKnownFileType = image.png; path = "Pot Bets.png"; sourceTree = "<group>"; };
		0E5DD4630FDA4595000670D2 /* Open:Close.png */ = {isa = PBXFileReference; lastKnownFileType = image.png; path = "Open:Close.png"; sourceTree = "<group>"; };
		0E63778410E194D500A3DF98 /* PrefsView.h */ = {isa = PBXFileReference; fileEncoding = 4; lastKnownFileType = sourcecode.c.h; path = PrefsView.h; sourceTree = "<group>"; };
		0E63778510E194D500A3DF98 /* PrefsView.m */ = {isa = PBXFileReference; fileEncoding = 4; lastKnownFileType = sourcecode.c.objc; path = PrefsView.m; sourceTree = "<group>"; };
		0E6F6080110905350076AE43 /* CGSPrivate.h */ = {isa = PBXFileReference; fileEncoding = 4; lastKnownFileType = sourcecode.c.h; path = CGSPrivate.h; sourceTree = "<group>"; };
		0E85D1BF0FDE43EE00E8E225 /* HKWindowManager.h */ = {isa = PBXFileReference; fileEncoding = 4; lastKnownFileType = sourcecode.c.h; path = HKWindowManager.h; sourceTree = "<group>"; };
		0E85D1C00FDE43EE00E8E225 /* HKWindowManager.m */ = {isa = PBXFileReference; fileEncoding = 4; lastKnownFileType = sourcecode.c.objc; path = HKWindowManager.m; sourceTree = "<group>"; };
		0E8A2E0810F4868000C26293 /* Windows.png */ = {isa = PBXFileReference; lastKnownFileType = image.png; path = Windows.png; sourceTree = "<group>"; };
		0E8A2EF110F49A2F00C26293 /* HKTransparentBorderedView.h */ = {isa = PBXFileReference; fileEncoding = 4; lastKnownFileType = sourcecode.c.h; path = HKTransparentBorderedView.h; sourceTree = "<group>"; };
		0E8A2EF210F49A2F00C26293 /* HKTransparentBorderedView.m */ = {isa = PBXFileReference; fileEncoding = 4; lastKnownFileType = sourcecode.c.objc; path = HKTransparentBorderedView.m; sourceTree = "<group>"; };
		0E8A2FE210F53FF800C26293 /* HKTransparentWindow.h */ = {isa = PBXFileReference; fileEncoding = 4; lastKnownFileType = sourcecode.c.h; path = HKTransparentWindow.h; sourceTree = "<group>"; };
		0E8A2FE310F53FF800C26293 /* HKTransparentWindow.m */ = {isa = PBXFileReference; fileEncoding = 4; lastKnownFileType = sourcecode.c.objc; path = HKTransparentWindow.m; sourceTree = "<group>"; };
		0EA4580F10F31EF600CE056C /* Quartz.framework */ = {isa = PBXFileReference; lastKnownFileType = wrapper.framework; name = Quartz.framework; path = System/Library/Frameworks/Quartz.framework; sourceTree = SDKROOT; };
		0EA4FC010FE174CC00CEE1BE /* CTGradient.h */ = {isa = PBXFileReference; fileEncoding = 4; lastKnownFileType = sourcecode.c.h; path = CTGradient.h; sourceTree = "<group>"; };
		0EA4FC020FE174CC00CEE1BE /* CTGradient.m */ = {isa = PBXFileReference; fileEncoding = 4; lastKnownFileType = sourcecode.c.objc; path = CTGradient.m; sourceTree = "<group>"; };
		0EA4FC030FE174CC00CEE1BE /* ShortcutRecorder.h */ = {isa = PBXFileReference; fileEncoding = 4; lastKnownFileType = sourcecode.c.h; path = ShortcutRecorder.h; sourceTree = "<group>"; };
		0EA4FC040FE174CC00CEE1BE /* SRCommon.h */ = {isa = PBXFileReference; fileEncoding = 4; lastKnownFileType = sourcecode.c.h; path = SRCommon.h; sourceTree = "<group>"; };
		0EA4FC050FE174CC00CEE1BE /* SRCommon.m */ = {isa = PBXFileReference; fileEncoding = 4; lastKnownFileType = sourcecode.c.objc; path = SRCommon.m; sourceTree = "<group>"; };
		0EA4FC060FE174CC00CEE1BE /* SRKeyCodeTransformer.h */ = {isa = PBXFileReference; fileEncoding = 4; lastKnownFileType = sourcecode.c.h; path = SRKeyCodeTransformer.h; sourceTree = "<group>"; };
		0EA4FC070FE174CC00CEE1BE /* SRKeyCodeTransformer.m */ = {isa = PBXFileReference; fileEncoding = 4; lastKnownFileType = sourcecode.c.objc; path = SRKeyCodeTransformer.m; sourceTree = "<group>"; };
		0EA4FC080FE174CC00CEE1BE /* SRRecorderCell.h */ = {isa = PBXFileReference; fileEncoding = 4; lastKnownFileType = sourcecode.c.h; path = SRRecorderCell.h; sourceTree = "<group>"; };
		0EA4FC090FE174CC00CEE1BE /* SRRecorderCell.m */ = {isa = PBXFileReference; fileEncoding = 4; lastKnownFileType = sourcecode.c.objc; path = SRRecorderCell.m; sourceTree = "<group>"; };
		0EA4FC0A0FE174CC00CEE1BE /* SRRecorderControl.h */ = {isa = PBXFileReference; fileEncoding = 4; lastKnownFileType = sourcecode.c.h; path = SRRecorderControl.h; sourceTree = "<group>"; };
		0EA4FC0B0FE174CC00CEE1BE /* SRRecorderControl.m */ = {isa = PBXFileReference; fileEncoding = 4; lastKnownFileType = sourcecode.c.objc; path = SRRecorderControl.m; sourceTree = "<group>"; };
		0EA4FC0C0FE174CC00CEE1BE /* SRValidator.h */ = {isa = PBXFileReference; fileEncoding = 4; lastKnownFileType = sourcecode.c.h; path = SRValidator.h; sourceTree = "<group>"; };
		0EA4FC0D0FE174CC00CEE1BE /* SRValidator.m */ = {isa = PBXFileReference; fileEncoding = 4; lastKnownFileType = sourcecode.c.objc; path = SRValidator.m; sourceTree = "<group>"; };
		0EA807CD1020D5A9004F84D0 /* Sparkle.framework */ = {isa = PBXFileReference; lastKnownFileType = wrapper.framework; path = Sparkle.framework; sourceTree = "<group>"; };
		0EA807E71020D92C004F84D0 /* dsa_pub.pem */ = {isa = PBXFileReference; fileEncoding = 4; lastKnownFileType = text; path = dsa_pub.pem; sourceTree = "<group>"; };
		0EAD6626111A60A800FCE08C /* DSClickableURLTextField.h */ = {isa = PBXFileReference; fileEncoding = 4; lastKnownFileType = sourcecode.c.h; path = DSClickableURLTextField.h; sourceTree = "<group>"; };
		0EAD6627111A60A800FCE08C /* DSClickableURLTextField.m */ = {isa = PBXFileReference; fileEncoding = 4; lastKnownFileType = sourcecode.c.objc; path = DSClickableURLTextField.m; sourceTree = "<group>"; };
		0EB20C9810028679008A5D14 /* English */ = {isa = PBXFileReference; lastKnownFileType = folder; name = English; path = "English.lproj/BlazingStars Help"; sourceTree = "<group>"; };
		0EB4DAA8113C76CE00CE6AE4 /* Shiny.plist */ = {isa = PBXFileReference; fileEncoding = 4; lastKnownFileType = text.plist.xml; path = Shiny.plist; sourceTree = "<group>"; };
		0EB4DAAC113C79E300CE6AE4 /* Renaissance.plist */ = {isa = PBXFileReference; fileEncoding = 4; lastKnownFileType = text.plist.xml; path = Renaissance.plist; sourceTree = "<group>"; };
		0EB8C2AE10433AC60023522F /* readme.rtf */ = {isa = PBXFileReference; lastKnownFileType = text.rtf; path = readme.rtf; sourceTree = "<group>"; };
		0EC67AFB0FD0AB73000A33AA /* Carbon.framework */ = {isa = PBXFileReference; lastKnownFileType = wrapper.framework; name = Carbon.framework; path = /System/Library/Frameworks/Carbon.framework; sourceTree = "<absolute>"; };
		0EC6840D0FD3984D000A33AA /* HKDispatchController.h */ = {isa = PBXFileReference; fileEncoding = 4; lastKnownFileType = sourcecode.c.h; path = HKDispatchController.h; sourceTree = "<group>"; };
		0EC6840E0FD3984D000A33AA /* HKDispatchController.m */ = {isa = PBXFileReference; fileEncoding = 4; lastKnownFileType = sourcecode.c.objc; path = HKDispatchController.m; sourceTree = "<group>"; };
		0ECA76181104F8BC00562BF2 /* FramePreviewView.h */ = {isa = PBXFileReference; fileEncoding = 4; lastKnownFileType = sourcecode.c.h; path = FramePreviewView.h; sourceTree = "<group>"; };
		0ECA76191104F8BC00562BF2 /* FramePreviewView.m */ = {isa = PBXFileReference; fileEncoding = 4; lastKnownFileType = sourcecode.c.objc; path = FramePreviewView.m; sourceTree = "<group>"; };
		0ED0FBDE10E20A1E000DF720 /* license.rtf */ = {isa = PBXFileReference; lastKnownFileType = text.rtf; path = license.rtf; sourceTree = "<group>"; };
		0ED0FBE410E212AC000DF720 /* create-dmg */ = {isa = PBXFileReference; fileEncoding = 4; lastKnownFileType = text.script.sh; path = "create-dmg"; sourceTree = "<group>"; };
		0ED0FBE510E212AC000DF720 /* dmg_background.jpg */ = {isa = PBXFileReference; lastKnownFileType = image.jpeg; path = dmg_background.jpg; sourceTree = "<group>"; };
		0ED0FBE610E212AC000DF720 /* dmg_background.psd */ = {isa = PBXFileReference; lastKnownFileType = file; path = dmg_background.psd; sourceTree = "<group>"; };
		0ED0FBF410E21351000DF720 /* AdiumApplescriptRunner */ = {isa = PBXFileReference; lastKnownFileType = "compiled.mach-o"; path = AdiumApplescriptRunner; sourceTree = "<group>"; };
		0ED0FBF510E21351000DF720 /* template.applescript */ = {isa = PBXFileReference; fileEncoding = 4; lastKnownFileType = sourcecode.applescript; path = template.applescript; sourceTree = "<group>"; };
		0EE7BD960FE7718500F1429A /* HKScreenScraper.h */ = {isa = PBXFileReference; fileEncoding = 4; lastKnownFileType = sourcecode.c.h; path = HKScreenScraper.h; sourceTree = "<group>"; };
		0EE7BD970FE7718500F1429A /* HKScreenScraper.m */ = {isa = PBXFileReference; fileEncoding = 4; lastKnownFileType = sourcecode.c.objc; path = HKScreenScraper.m; sourceTree = "<group>"; };
		0EE7BDC40FE7736500F1429A /* tesseract */ = {isa = PBXFileReference; lastKnownFileType = "compiled.mach-o.executable"; path = tesseract; sourceTree = "<group>"; };
		0EE7BDE40FE7748F00F1429A /* tessdata */ = {isa = PBXFileReference; lastKnownFileType = folder; path = tessdata; sourceTree = "<group>"; };
		0EE7BE0A0FE775BA00F1429A /* TFTesseractWrapper.h */ = {isa = PBXFileReference; fileEncoding = 4; lastKnownFileType = sourcecode.c.h; path = TFTesseractWrapper.h; sourceTree = "<group>"; };
		0EE7BE0B0FE775BA00F1429A /* TFTesseractWrapper.m */ = {isa = PBXFileReference; fileEncoding = 4; lastKnownFileType = sourcecode.c.objc; path = TFTesseractWrapper.m; sourceTree = "<group>"; };
		0EE7BE0C0FE775BA00F1429A /* OpenGLScreenReader.h */ = {isa = PBXFileReference; fileEncoding = 4; lastKnownFileType = sourcecode.c.h; path = OpenGLScreenReader.h; sourceTree = "<group>"; };
		0EE7BE0D0FE775BA00F1429A /* OpenGLScreenReader.m */ = {isa = PBXFileReference; fileEncoding = 4; lastKnownFileType = sourcecode.c.objc; path = OpenGLScreenReader.m; sourceTree = "<group>"; };
		0EE7BE1C0FE7765000F1429A /* OpenGL.framework */ = {isa = PBXFileReference; lastKnownFileType = wrapper.framework; name = OpenGL.framework; path = /System/Library/Frameworks/OpenGL.framework; sourceTree = "<absolute>"; };
		0EF91D6E0FDB805F00FB01E7 /* HKThemeController.h */ = {isa = PBXFileReference; fileEncoding = 4; lastKnownFileType = sourcecode.c.h; path = HKThemeController.h; sourceTree = "<group>"; };
		0EF91D6F0FDB805F00FB01E7 /* HKThemeController.m */ = {isa = PBXFileReference; fileEncoding = 4; lastKnownFileType = sourcecode.c.objc; path = HKThemeController.m; sourceTree = "<group>"; };
		0EF91D7F0FDB81DE00FB01E7 /* Setup.png */ = {isa = PBXFileReference; lastKnownFileType = image.png; path = Setup.png; sourceTree = "<group>"; };
		1058C7A1FEA54F0111CA2CBB /* Cocoa.framework */ = {isa = PBXFileReference; lastKnownFileType = wrapper.framework; name = Cocoa.framework; path = /System/Library/Frameworks/Cocoa.framework; sourceTree = "<absolute>"; };
		13E42FB307B3F0F600E4EEF1 /* CoreData.framework */ = {isa = PBXFileReference; lastKnownFileType = wrapper.framework; name = CoreData.framework; path = /System/Library/Frameworks/CoreData.framework; sourceTree = "<absolute>"; };
		1DDD58150DA1D0A300B32029 /* English */ = {isa = PBXFileReference; lastKnownFileType = file.xib; name = English; path = English.lproj/MainMenu.xib; sourceTree = "<group>"; };
		29B97316FDCFA39411CA2CEA /* main.m */ = {isa = PBXFileReference; fileEncoding = 4; lastKnownFileType = sourcecode.c.objc; path = main.m; sourceTree = "<group>"; };
		29B97324FDCFA39411CA2CEA /* AppKit.framework */ = {isa = PBXFileReference; lastKnownFileType = wrapper.framework; name = AppKit.framework; path = /System/Library/Frameworks/AppKit.framework; sourceTree = "<absolute>"; };
		29B97325FDCFA39411CA2CEA /* Foundation.framework */ = {isa = PBXFileReference; lastKnownFileType = wrapper.framework; name = Foundation.framework; path = /System/Library/Frameworks/Foundation.framework; sourceTree = "<absolute>"; };
		32CA4F630368D1EE00C91783 /* PokerHK_Prefix.pch */ = {isa = PBXFileReference; fileEncoding = 4; lastKnownFileType = sourcecode.c.h; path = PokerHK_Prefix.pch; sourceTree = "<group>"; };
		32EC1B3210F9ED25000C972F /* Classic.plist */ = {isa = PBXFileReference; fileEncoding = 4; lastKnownFileType = text.plist.xml; path = Classic.plist; sourceTree = "<group>"; };
		6699233B1210ED9F008A9EE1 /* icon-menulet-disabled.png */ = {isa = PBXFileReference; lastKnownFileType = image.png; path = "icon-menulet-disabled.png"; sourceTree = "<group>"; };
		66EE0EBF12973E6200564419 /* LayoutViewer.app */ = {isa = PBXFileReference; explicitFileType = wrapper.application; includeInIndex = 0; path = LayoutViewer.app; sourceTree = BUILT_PRODUCTS_DIR; };
		66EE0EC112973E6200564419 /* LayoutViewer-Info.plist */ = {isa = PBXFileReference; lastKnownFileType = text.plist.xml; path = "LayoutViewer-Info.plist"; sourceTree = "<group>"; };
		66EE0EC612973E9D00564419 /* LayoutViewer.xib */ = {isa = PBXFileReference; lastKnownFileType = file.xib; path = LayoutViewer.xib; sourceTree = "<group>"; };
		66EE0EF41297467700564419 /* LayoutViewAppDelegate.h */ = {isa = PBXFileReference; fileEncoding = 4; lastKnownFileType = sourcecode.c.h; path = LayoutViewAppDelegate.h; sourceTree = "<group>"; };
		66EE0EF51297467700564419 /* LayoutViewAppDelegate.m */ = {isa = PBXFileReference; fileEncoding = 4; lastKnownFileType = sourcecode.c.objc; path = LayoutViewAppDelegate.m; sourceTree = "<group>"; };
		66EE0F3C1297491000564419 /* QuartzCore.framework */ = {isa = PBXFileReference; lastKnownFileType = wrapper.framework; name = QuartzCore.framework; path = System/Library/Frameworks/QuartzCore.framework; sourceTree = SDKROOT; };
		66EE0FCD1297499200564419 /* Quartz.framework */ = {isa = PBXFileReference; lastKnownFileType = wrapper.framework; name = Quartz.framework; path = System/Library/Frameworks/Quartz.framework; sourceTree = SDKROOT; };
		66EE103A129761D900564419 /* themes */ = {isa = PBXFileReference; lastKnownFileType = folder; name = themes; path = support/themes; sourceTree = "<group>"; };
		8D1107310486CEB800E47090 /* Info.plist */ = {isa = PBXFileReference; fileEncoding = 4; lastKnownFileType = text.plist.xml; path = Info.plist; sourceTree = "<group>"; };
		8D1107320486CEB800E47090 /* BlazingStars.app */ = {isa = PBXFileReference; explicitFileType = wrapper.application; includeInIndex = 0; path = BlazingStars.app; sourceTree = BUILT_PRODUCTS_DIR; };
		AA06DB38110CA03500C7A44C /* AboutWindow.xib */ = {isa = PBXFileReference; lastKnownFileType = file.xib; path = AboutWindow.xib; sourceTree = "<group>"; };
		AA286D1710E92C3C00D8DBED /* PokerStarsInfo.h */ = {isa = PBXFileReference; fileEncoding = 4; lastKnownFileType = sourcecode.c.h; path = PokerStarsInfo.h; sourceTree = "<group>"; };
		AA286D1810E92C3C00D8DBED /* PokerStarsInfo.m */ = {isa = PBXFileReference; fileEncoding = 4; lastKnownFileType = sourcecode.c.objc; path = PokerStarsInfo.m; sourceTree = "<group>"; };
		AA286D1910E92C3C00D8DBED /* PokerStarsTheme.h */ = {isa = PBXFileReference; fileEncoding = 4; lastKnownFileType = sourcecode.c.h; path = PokerStarsTheme.h; sourceTree = "<group>"; };
		AA286D1A10E92C3C00D8DBED /* PokerStarsTheme.m */ = {isa = PBXFileReference; fileEncoding = 4; lastKnownFileType = sourcecode.c.objc; path = PokerStarsTheme.m; sourceTree = "<group>"; };
		AA667C99110CDE3400B778E8 /* AboutWindowController.h */ = {isa = PBXFileReference; fileEncoding = 4; lastKnownFileType = sourcecode.c.h; path = AboutWindowController.h; sourceTree = "<group>"; };
		AA667C9A110CDE3400B778E8 /* AboutWindowController.m */ = {isa = PBXFileReference; fileEncoding = 4; lastKnownFileType = sourcecode.c.objc; path = AboutWindowController.m; sourceTree = "<group>"; };
/* End PBXFileReference section */

/* Begin PBXFrameworksBuildPhase section */
		66EE0EBD12973E6200564419 /* Frameworks */ = {
			isa = PBXFrameworksBuildPhase;
			buildActionMask = 2147483647;
			files = (
				66EE0F3D1297491000564419 /* QuartzCore.framework in Frameworks */,
				66EE0FCE1297499200564419 /* Quartz.framework in Frameworks */,
			);
			runOnlyForDeploymentPostprocessing = 0;
		};
		8D11072E0486CEB800E47090 /* Frameworks */ = {
			isa = PBXFrameworksBuildPhase;
			buildActionMask = 2147483647;
			files = (
				8D11072F0486CEB800E47090 /* Cocoa.framework in Frameworks */,
				0EC67AFC0FD0AB73000A33AA /* Carbon.framework in Frameworks */,
				0EE7BE1D0FE7765000F1429A /* OpenGL.framework in Frameworks */,
				0EA807CE1020D5A9004F84D0 /* Sparkle.framework in Frameworks */,
				0EA4581010F31EF600CE056C /* Quartz.framework in Frameworks */,
				0E33E23D10F6E3BE004C9847 /* SOLogger.framework in Frameworks */,
				0E46AF5C116E951F000980A7 /* CMCrashReporter.framework in Frameworks */,
			);
			runOnlyForDeploymentPostprocessing = 0;
		};
/* End PBXFrameworksBuildPhase section */

/* Begin PBXGroup section */
		080E96DDFE201D6D7F000001 /* Classes */ = {
			isa = PBXGroup;
			children = (
				0E09148611729C0800F5928A /* ThemeManagement */,
				0EE7BDEF0FE7759A00F1429A /* PotGrab */,
				0E2A1CBF0FD07D8700471032 /* Prefs */,
				0EA4FC000FE174CC00CEE1BE /* ShortcutRecorder */,
				0E8A319E10F55E0800C26293 /* TransparentFrame */,
				0E2A1A9F0FCFB91200471032 /* AppController.h */,
				0E2A1AA00FCFB91200471032 /* AppController.m */,
				0E2A1AA40FCFB9AD00471032 /* Menulet.h */,
				0E2A1AA50FCFB9AD00471032 /* Menulet.m */,
				0EC6840D0FD3984D000A33AA /* HKDispatchController.h */,
				0EC6840E0FD3984D000A33AA /* HKDispatchController.m */,
				0EF91D6E0FDB805F00FB01E7 /* HKThemeController.h */,
				0EF91D6F0FDB805F00FB01E7 /* HKThemeController.m */,
				0E85D1BF0FDE43EE00E8E225 /* HKWindowManager.h */,
				0E85D1C00FDE43EE00E8E225 /* HKWindowManager.m */,
				0EE7BD960FE7718500F1429A /* HKScreenScraper.h */,
				0EE7BD970FE7718500F1429A /* HKScreenScraper.m */,
				0E2D945A0FEED7CA002836CA /* HKDefines.h */,
				0E33E22A10F6DFEA004C9847 /* HKLowLevel.h */,
				0E33E22B10F6DFEA004C9847 /* HKLowLevel.m */,
				AA667C99110CDE3400B778E8 /* AboutWindowController.h */,
				AA667C9A110CDE3400B778E8 /* AboutWindowController.m */,
			);
			name = Classes;
			sourceTree = "<group>";
		};
		0E09148611729C0800F5928A /* ThemeManagement */ = {
			isa = PBXGroup;
			children = (
				0E0914871172BB7400F5928A /* FullTiltInfo.h */,
				0E0914881172BB7400F5928A /* FullTiltInfo.m */,
				0E09148311729C0200F5928A /* FullTiltTheme.h */,
				0E09148411729C0200F5928A /* FullTiltTheme.m */,
				AA286D1710E92C3C00D8DBED /* PokerStarsInfo.h */,
				AA286D1810E92C3C00D8DBED /* PokerStarsInfo.m */,
				AA286D1910E92C3C00D8DBED /* PokerStarsTheme.h */,
				AA286D1A10E92C3C00D8DBED /* PokerStarsTheme.m */,
			);
			name = ThemeManagement;
			sourceTree = "<group>";
		};
		0E2A1CBF0FD07D8700471032 /* Prefs */ = {
			isa = PBXGroup;
			children = (
				0EAD6626111A60A800FCE08C /* DSClickableURLTextField.h */,
				0EAD6627111A60A800FCE08C /* DSClickableURLTextField.m */,
				0E2A1BD70FD0614B00471032 /* DBPrefsWindowController.h */,
				0E2A1BD80FD0614B00471032 /* DBPrefsWindowController.m */,
				0E2A1BDA0FD061E300471032 /* PrefsWindowController.h */,
				0E2A1BDB0FD061E300471032 /* PrefsWindowController.m */,
				0E63778410E194D500A3DF98 /* PrefsView.h */,
				0E63778510E194D500A3DF98 /* PrefsView.m */,
				0ECA76181104F8BC00562BF2 /* FramePreviewView.h */,
				0ECA76191104F8BC00562BF2 /* FramePreviewView.m */,
			);
			name = Prefs;
			sourceTree = "<group>";
		};
		0E460AF410E3129A007D647C /* TextFiles */ = {
			isa = PBXGroup;
			children = (
				0EB8C2AE10433AC60023522F /* readme.rtf */,
				0E2A1B490FCFCF1100471032 /* Credits.rtf */,
				0ED0FBDE10E20A1E000DF720 /* license.rtf */,
			);
			name = TextFiles;
			sourceTree = "<group>";
		};
		0E5528D40FDCE2B80071ACC6 /* Images */ = {
			isa = PBXGroup;
			children = (
				0E8A2E0810F4868000C26293 /* Windows.png */,
				0ED0FBE510E212AC000DF720 /* dmg_background.jpg */,
				0ED0FBE610E212AC000DF720 /* dmg_background.psd */,
				0E2A1BE10FD0670400471032 /* Advanced.png */,
				0E2A1BE20FD0670400471032 /* Basic Keys.png */,
				0E2A1AE50FCFC71A00471032 /* icon-menulet.png */,
				6699233B1210ED9F008A9EE1 /* icon-menulet-disabled.png */,
				0E5DD4630FDA4595000670D2 /* Open:Close.png */,
				0E5DD4310FDA25CC000670D2 /* Pot Bets.png */,
				0EF91D7F0FDB81DE00FB01E7 /* Setup.png */,
			);
			name = Images;
			sourceTree = "<group>";
		};
		0E5528E10FDCE2D50071ACC6 /* Themes */ = {
			isa = PBXGroup;
			children = (
				0E09148011729BC800F5928A /* Hyper-Simple.plist */,
				0EB4DAAC113C79E300CE6AE4 /* Renaissance.plist */,
				0EB4DAA8113C76CE00CE6AE4 /* Shiny.plist */,
				32EC1B3210F9ED25000C972F /* Classic.plist */,
				0E2D92CF0FEEBA63002836CA /* Slick.plist */,
				0E5526A80FDCBB150071ACC6 /* Racetrack.plist */,
				0E5526A90FDCBB150071ACC6 /* Black.plist */,
			);
			name = Themes;
			sourceTree = "<group>";
		};
		0E5528E20FDCE2E80071ACC6 /* Icons */ = {
			isa = PBXGroup;
			children = (
				0E2A1AA90FCFBC4400471032 /* pokerhk.icns */,
			);
			name = Icons;
			sourceTree = "<group>";
		};
		0E8A319E10F55E0800C26293 /* TransparentFrame */ = {
			isa = PBXGroup;
			children = (
				0E8A2EF110F49A2F00C26293 /* HKTransparentBorderedView.h */,
				0E8A2EF210F49A2F00C26293 /* HKTransparentBorderedView.m */,
				0E8A2FE210F53FF800C26293 /* HKTransparentWindow.h */,
				0E8A2FE310F53FF800C26293 /* HKTransparentWindow.m */,
			);
			name = TransparentFrame;
			sourceTree = "<group>";
		};
		0EA4FC000FE174CC00CEE1BE /* ShortcutRecorder */ = {
			isa = PBXGroup;
			children = (
				0EA4FC010FE174CC00CEE1BE /* CTGradient.h */,
				0EA4FC020FE174CC00CEE1BE /* CTGradient.m */,
				0EA4FC030FE174CC00CEE1BE /* ShortcutRecorder.h */,
				0EA4FC040FE174CC00CEE1BE /* SRCommon.h */,
				0EA4FC050FE174CC00CEE1BE /* SRCommon.m */,
				0EA4FC060FE174CC00CEE1BE /* SRKeyCodeTransformer.h */,
				0EA4FC070FE174CC00CEE1BE /* SRKeyCodeTransformer.m */,
				0EA4FC080FE174CC00CEE1BE /* SRRecorderCell.h */,
				0EA4FC090FE174CC00CEE1BE /* SRRecorderCell.m */,
				0EA4FC0A0FE174CC00CEE1BE /* SRRecorderControl.h */,
				0EA4FC0B0FE174CC00CEE1BE /* SRRecorderControl.m */,
				0EA4FC0C0FE174CC00CEE1BE /* SRValidator.h */,
				0EA4FC0D0FE174CC00CEE1BE /* SRValidator.m */,
			);
			name = ShortcutRecorder;
			sourceTree = "<group>";
		};
		0ED0FBF310E21351000DF720 /* support */ = {
			isa = PBXGroup;
			children = (
				0ED0FBF410E21351000DF720 /* AdiumApplescriptRunner */,
				0ED0FBF510E21351000DF720 /* template.applescript */,
			);
			path = support;
			sourceTree = "<group>";
		};
		0EE7BDEF0FE7759A00F1429A /* PotGrab */ = {
			isa = PBXGroup;
			children = (
				0EE7BE0A0FE775BA00F1429A /* TFTesseractWrapper.h */,
				0EE7BE0B0FE775BA00F1429A /* TFTesseractWrapper.m */,
				0EE7BE0C0FE775BA00F1429A /* OpenGLScreenReader.h */,
				0EE7BE0D0FE775BA00F1429A /* OpenGLScreenReader.m */,
			);
			name = PotGrab;
			sourceTree = "<group>";
		};
		1058C7A0FEA54F0111CA2CBB /* Linked Frameworks */ = {
			isa = PBXGroup;
			children = (
				0EA807CD1020D5A9004F84D0 /* Sparkle.framework */,
				1058C7A1FEA54F0111CA2CBB /* Cocoa.framework */,
			);
			name = "Linked Frameworks";
			sourceTree = "<group>";
		};
		1058C7A2FEA54F0111CA2CBB /* Other Frameworks */ = {
			isa = PBXGroup;
			children = (
				0E46AF5B116E951F000980A7 /* CMCrashReporter.framework */,
				29B97324FDCFA39411CA2CEA /* AppKit.framework */,
				13E42FB307B3F0F600E4EEF1 /* CoreData.framework */,
				29B97325FDCFA39411CA2CEA /* Foundation.framework */,
			);
			name = "Other Frameworks";
			sourceTree = "<group>";
		};
		19C28FACFE9D520D11CA2CBB /* Products */ = {
			isa = PBXGroup;
			children = (
				8D1107320486CEB800E47090 /* BlazingStars.app */,
				66EE0EBF12973E6200564419 /* LayoutViewer.app */,
			);
			name = Products;
			sourceTree = "<group>";
		};
		29B97314FDCFA39411CA2CEA /* PokerHK */ = {
			isa = PBXGroup;
			children = (
				66EE0EC512973E7700564419 /* LayoutViewer */,
				080E96DDFE201D6D7F000001 /* Classes */,
				29B97315FDCFA39411CA2CEA /* Other Sources */,
				29B97317FDCFA39411CA2CEA /* Resources */,
				29B97323FDCFA39411CA2CEA /* Frameworks */,
				19C28FACFE9D520D11CA2CBB /* Products */,
			);
			name = PokerHK;
			sourceTree = "<group>";
		};
		29B97315FDCFA39411CA2CEA /* Other Sources */ = {
			isa = PBXGroup;
			children = (
				32CA4F630368D1EE00C91783 /* PokerHK_Prefix.pch */,
				29B97316FDCFA39411CA2CEA /* main.m */,
				0E6F6080110905350076AE43 /* CGSPrivate.h */,
			);
			name = "Other Sources";
			sourceTree = "<group>";
		};
		29B97317FDCFA39411CA2CEA /* Resources */ = {
			isa = PBXGroup;
			children = (
				0ED0FBE410E212AC000DF720 /* create-dmg */,
				0ED0FBF310E21351000DF720 /* support */,
				0E4D73AD10DF35C80058D4FA /* speechCommands.plist */,
				0E460AF410E3129A007D647C /* TextFiles */,
				0EA807E71020D92C004F84D0 /* dsa_pub.pem */,
				0EB20C9710028679008A5D14 /* BlazingStars Help */,
				0EE7BDE40FE7748F00F1429A /* tessdata */,
				0EE7BDC40FE7736500F1429A /* tesseract */,
				0E46F1271044726E00EC807B /* convert */,
				0E5528E20FDCE2E80071ACC6 /* Icons */,
				0E5528E10FDCE2D50071ACC6 /* Themes */,
				0E5528D40FDCE2B80071ACC6 /* Images */,
				0E2A1BDE0FD063EA00471032 /* Preferences.xib */,
				8D1107310486CEB800E47090 /* Info.plist */,
				089C165CFE840E0CC02AAC07 /* InfoPlist.strings */,
				1DDD58140DA1D0A300B32029 /* MainMenu.xib */,
				0E5528220FDCD9BA0071ACC6 /* keyMap.plist */,
				AA06DB38110CA03500C7A44C /* AboutWindow.xib */,
			);
			name = Resources;
			sourceTree = "<group>";
		};
		29B97323FDCFA39411CA2CEA /* Frameworks */ = {
			isa = PBXGroup;
			children = (
				0E33E23C10F6E3BE004C9847 /* SOLogger.framework */,
				0EE7BE1C0FE7765000F1429A /* OpenGL.framework */,
				0EC67AFB0FD0AB73000A33AA /* Carbon.framework */,
				1058C7A0FEA54F0111CA2CBB /* Linked Frameworks */,
				1058C7A2FEA54F0111CA2CBB /* Other Frameworks */,
				0EA4580F10F31EF600CE056C /* Quartz.framework */,
			);
			name = Frameworks;
			sourceTree = "<group>";
		};
		66EE0EC512973E7700564419 /* LayoutViewer */ = {
			isa = PBXGroup;
			children = (
				66EE103A129761D900564419 /* themes */,
				66EE0FD3129749AA00564419 /* Frameworks */,
				66EE0EC112973E6200564419 /* LayoutViewer-Info.plist */,
				66EE0EC612973E9D00564419 /* LayoutViewer.xib */,
				66EE0EF41297467700564419 /* LayoutViewAppDelegate.h */,
				66EE0EF51297467700564419 /* LayoutViewAppDelegate.m */,
			);
			name = LayoutViewer;
			sourceTree = "<group>";
		};
		66EE0FD3129749AA00564419 /* Frameworks */ = {
			isa = PBXGroup;
			children = (
				66EE0F3C1297491000564419 /* QuartzCore.framework */,
				66EE0FCD1297499200564419 /* Quartz.framework */,
			);
			name = Frameworks;
			sourceTree = "<group>";
		};
/* End PBXGroup section */

/* Begin PBXNativeTarget section */
		66EE0EBE12973E6200564419 /* LayoutViewer */ = {
			isa = PBXNativeTarget;
			buildConfigurationList = 66EE0EC412973E6300564419 /* Build configuration list for PBXNativeTarget "LayoutViewer" */;
			buildPhases = (
				66EE0EBB12973E6200564419 /* Resources */,
				66EE0EBC12973E6200564419 /* Sources */,
				66EE0EBD12973E6200564419 /* Frameworks */,
			);
			buildRules = (
			);
			dependencies = (
			);
			name = LayoutViewer;
			productName = LayoutViewer;
			productReference = 66EE0EBF12973E6200564419 /* LayoutViewer.app */;
			productType = "com.apple.product-type.application";
		};
		8D1107260486CEB800E47090 /* PokerHK */ = {
			isa = PBXNativeTarget;
			buildConfigurationList = C01FCF4A08A954540054247B /* Build configuration list for PBXNativeTarget "PokerHK" */;
			buildPhases = (
				0EB20CC3100291B2008A5D14 /* Index Help */,
				0EA807A51020D3B9004F84D0 /* ShellScript */,
				0EA807D91020D5D5004F84D0 /* Copy Sparkle */,
				8D1107290486CEB800E47090 /* Resources */,
				8D11072C0486CEB800E47090 /* Sources */,
				8D11072E0486CEB800E47090 /* Frameworks */,
				0E46ADCE116D3643000980A7 /* Copy CrashReporter */,
			);
			buildRules = (
			);
			dependencies = (
			);
			name = PokerHK;
			productInstallPath = "$(HOME)/Applications";
			productName = PokerHK;
			productReference = 8D1107320486CEB800E47090 /* BlazingStars.app */;
			productType = "com.apple.product-type.application";
		};
/* End PBXNativeTarget section */

/* Begin PBXProject section */
		29B97313FDCFA39411CA2CEA /* Project object */ = {
			isa = PBXProject;
			buildConfigurationList = C01FCF4E08A954540054247B /* Build configuration list for PBXProject "PokerHK" */;
			compatibilityVersion = "Xcode 3.1";
			developmentRegion = English;
			hasScannedForEncodings = 1;
			knownRegions = (
				English,
				Japanese,
				French,
				German,
			);
			mainGroup = 29B97314FDCFA39411CA2CEA /* PokerHK */;
			projectDirPath = "";
			projectRoot = "";
			targets = (
				8D1107260486CEB800E47090 /* PokerHK */,
				0EA808711020E77E004F84D0 /* BlazingStars */,
				66EE0EBE12973E6200564419 /* LayoutViewer */,
			);
		};
/* End PBXProject section */

/* Begin PBXResourcesBuildPhase section */
		66EE0EBB12973E6200564419 /* Resources */ = {
			isa = PBXResourcesBuildPhase;
			buildActionMask = 2147483647;
			files = (
				66EE0EC712973E9D00564419 /* LayoutViewer.xib in Resources */,
				66EE0FEE1297555B00564419 /* Black.plist in Resources */,
				66EE0FEF1297555B00564419 /* Classic.plist in Resources */,
				66EE0FF01297555C00564419 /* Hyper-Simple.plist in Resources */,
				66EE0FF11297555D00564419 /* Racetrack.plist in Resources */,
				66EE0FF21297555D00564419 /* Shiny.plist in Resources */,
				66EE0FF31297555E00564419 /* Renaissance.plist in Resources */,
				66EE0FF41297555F00564419 /* Slick.plist in Resources */,
				66EE1040129761D900564419 /* themes in Resources */,
			);
			runOnlyForDeploymentPostprocessing = 0;
		};
		8D1107290486CEB800E47090 /* Resources */ = {
			isa = PBXResourcesBuildPhase;
			buildActionMask = 2147483647;
			files = (
				8D11072B0486CEB800E47090 /* InfoPlist.strings in Resources */,
				1DDD58160DA1D0A300B32029 /* MainMenu.xib in Resources */,
				0E2A1AAA0FCFBC4400471032 /* pokerhk.icns in Resources */,
				0E2A1AE60FCFC71A00471032 /* icon-menulet.png in Resources */,
				0E2A1B4A0FCFCF1100471032 /* Credits.rtf in Resources */,
				0E2A1BE00FD063EA00471032 /* Preferences.xib in Resources */,
				0E2A1BE30FD0670400471032 /* Advanced.png in Resources */,
				0E2A1BE40FD0670400471032 /* Basic Keys.png in Resources */,
				0E5DD4320FDA25CC000670D2 /* Pot Bets.png in Resources */,
				0E5DD4640FDA4595000670D2 /* Open:Close.png in Resources */,
				0EF91D800FDB81DE00FB01E7 /* Setup.png in Resources */,
				0E5526AA0FDCBB150071ACC6 /* Racetrack.plist in Resources */,
				0E5526AB0FDCBB150071ACC6 /* Black.plist in Resources */,
				0E5528230FDCD9BA0071ACC6 /* keyMap.plist in Resources */,
				0EE7BDCE0FE7736500F1429A /* tesseract in Resources */,
				0EE7BDEE0FE7748F00F1429A /* tessdata in Resources */,
				0E2D92D00FEEBA64002836CA /* Slick.plist in Resources */,
				0EB20C9B10028679008A5D14 /* BlazingStars Help in Resources */,
				0EA807E81020D92C004F84D0 /* dsa_pub.pem in Resources */,
				0EB8C2AF10433AC60023522F /* readme.rtf in Resources */,
				0E46F1281044726E00EC807B /* convert in Resources */,
				0E4D73AE10DF35C80058D4FA /* speechCommands.plist in Resources */,
				0ED0FBDF10E20A1E000DF720 /* license.rtf in Resources */,
				0ED0FBE710E212AC000DF720 /* create-dmg in Resources */,
				0ED0FBE810E212AC000DF720 /* dmg_background.jpg in Resources */,
				0ED0FBE910E212AC000DF720 /* dmg_background.psd in Resources */,
				0ED0FBF610E21352000DF720 /* AdiumApplescriptRunner in Resources */,
				0E8A2E0910F4868000C26293 /* Windows.png in Resources */,
				32EC1B3310F9ED25000C972F /* Classic.plist in Resources */,
				AA06DB39110CA03500C7A44C /* AboutWindow.xib in Resources */,
				0EB4DAA9113C76CE00CE6AE4 /* Shiny.plist in Resources */,
				0EB4DAAD113C79E300CE6AE4 /* Renaissance.plist in Resources */,
				0E09148111729BC800F5928A /* Hyper-Simple.plist in Resources */,
				6699233C1210ED9F008A9EE1 /* icon-menulet-disabled.png in Resources */,
			);
			runOnlyForDeploymentPostprocessing = 0;
		};
/* End PBXResourcesBuildPhase section */

/* Begin PBXShellScriptBuildPhase section */
		0EA807A51020D3B9004F84D0 /* ShellScript */ = {
			isa = PBXShellScriptBuildPhase;
			buildActionMask = 2147483647;
			files = (
			);
			inputPaths = (
			);
			outputPaths = (
			);
			runOnlyForDeploymentPostprocessing = 0;
			shellPath = /bin/sh;
			shellScript = "version=$(sed -n '\n/^[[:blank:]]*CFBundleShortVersionString<\\/key>$/ {\nN\ns/^[[:blank:]]*CFBundleShortVersionString<\\/key>\\n[[:blank:]]*\\(.*\\)<\\/string>/\\1/\np\n}' info.plist)\n\nbuild=$(sed -n '\n/^[[:blank:]]*CFBundleVersion<\\/key>$/ {\nN\ns/^[[:blank:]]*CFBundleVersion<\\/key>\\n[[:blank:]]*.*\\.\\(.*\\)<\\/string>/\\1/\np\n}' info.plist)\n\nbuild=$(($build +1))\n\ncp Info.plist 'Backup of Info.plist'\n\nsed '\n/^[[:blank:]]*CFBundleVersion<\\/key>$/ {\nN\ns/\\(\\).*\\(<\\/string>\\)/\\1'\"$version\\.$build\"'\\2/\nP\nD\n}' 'Backup of info.plist' > Info.plist";
		};
		0EA808701020E77E004F84D0 /* ShellScript */ = {
			isa = PBXShellScriptBuildPhase;
			buildActionMask = 2147483647;
			files = (
			);
			inputPaths = (
			);
			outputPaths = (
			);
			runOnlyForDeploymentPostprocessing = 0;
			shellPath = /bin/bash;
			shellScript = "set -o errexit\n\n[ $BUILD_STYLE = Release ] || { echo Distribution target requires \"'Release'\" build style; false; }\n\nVERSION=$(defaults read \"$BUILT_PRODUCTS_DIR/$PRODUCT_NAME.app/Contents/Info\" CFBundleVersion)\nSHORTVERSION=$(defaults read \"$BUILT_PRODUCTS_DIR/$PRODUCT_NAME.app/Contents/Info\" CFBundleShortVersionString)\nDOWNLOAD_BASE_URL=\"http://fullyfunctionalsoftware.com/blazingstars\"\nRELEASENOTES_URL=\"http://fullyfunctionalsoftware.com/blazingstars/release-notes.html#version-$SHORTVERSION-$VERSION\"\n\nARCHIVE_FILENAME=\"$PRODUCT_NAME-$SHORTVERSION.zip\"\nDOWNLOAD_URL=\"$DOWNLOAD_BASE_URL/$ARCHIVE_FILENAME\"\nKEYCHAIN_PRIVKEY_NAME=\"Sparkle Private Key 1\"\n\nWD=$PWD\ncd \"$BUILT_PRODUCTS_DIR\"\nrm -f \"$PROJECT_NAME\"*.zip\nditto -ck --keepParent \"$PRODUCT_NAME.app\" \"$ARCHIVE_FILENAME\"\n\nSIZE=$(stat -f %z \"$ARCHIVE_FILENAME\")\nPUBDATE=$(date +\"%a, %d %b %G %T %z\")\nSIGNATURE=$(\n\topenssl dgst -sha1 -binary < \"$ARCHIVE_FILENAME\" \\\n\t| openssl dgst -dss1 -sign <(security find-generic-password -g -s \"$KEYCHAIN_PRIVKEY_NAME\" 2>&1 1>/dev/null | perl -pe '($_) = /\"(.+)\"/; s/\\\\012/\\n/g') \\\n\t| openssl enc -base64\n)\n\n[ $SIGNATURE ] || { echo Unable to load signing private key with name \"'$KEYCHAIN_PRIVKEY_NAME'\" from keychain; false; }\n\ncat <<EOF\n\t\t<item>\n\t\t\t<title>Version $SHORTVERSION (Build $VERSION)</title>\n\t\t\t<sparkle:releaseNotesLink>$RELEASENOTES_URL</sparkle:releaseNotesLink>\n\t\t\t<pubDate>$PUBDATE</pubDate>\n\t\t\t<enclosure\n\t\t\t\turl=\"$DOWNLOAD_URL\"\n\t\t\t\tsparkle:version=\"$VERSION\"\n\t\t\t\tsparkle:shortVersionString=\"$SHORTVERSION\"\n\t\t\t\ttype=\"application/octet-stream\"\n\t\t\t\tlength=\"$SIZE\"\n\t\t\t\tsparkle:dsaSignature=\"$SIGNATURE\"\n\t\t\t/>\n\t\t</item>\nEOF\n\necho scp \"'$HOME/Desktop/PokerHK/build/Release/$ARCHIVE_FILENAME'\" fullyfunctionalsoftware.com:public_html/blazingstars/\necho scp \"'$WD/appcast.xml'\" www.example.com:web/software/my-cool-app/appcast.xml\n\n\nif [[ ! -d \"dmg-build\" ]];\nthen\n\tmkdir BlazingStars\nrm -f BlazingStars/*\nfi\nln -s /Applications BlazingStars/Applications\U0013\ncp -R $PRODUCT_NAME.app BlazingStars\ncp $PRODUCT_NAME.app/Contents/Resources/readme.rtf BlazingStars\ncp $SRCROOT/license.rtf BlazingStars\n#cp $SRCROOT/dmg_background.jpg BlazingStars\n\n$SRCROOT/create-dmg --window-size 500 450 --background $SRCROOT/dmg_background.jpg --icon-size 96 --volname \"BlazingStars\" --icon \"Applications\" 380 180 --icon \"BlazingStars\" 110 180 --icon \"readme.rtf\" 200 335 --icon \"license.rtf\" 300 335 BlazingStars.dmg ./BlazingStars\n\n\n#dropdmg -i -l BlazingStarsBeta BlazingStars \nrm -rf BlazingStars\nmv BlazingStars.dmg \"$PRODUCT_NAME-$SHORTVERSION.dmg\"\n";
		};
		0EB20CC3100291B2008A5D14 /* Index Help */ = {
			isa = PBXShellScriptBuildPhase;
			buildActionMask = 2147483647;
			files = (
			);
			inputPaths = (
			);
			name = "Index Help";
			outputPaths = (
			);
			runOnlyForDeploymentPostprocessing = 0;
			shellPath = /bin/sh;
			shellScript = "/usr/bin/hiutil -Caf  $SRCROOT/English.lproj/BlazingStars\\ Help/BlazingStars\\ Help.helpindex $SRCROOT/English.lproj/BlazingStars\\ Help/\necho \"Doing the help.\"";
		};
/* End PBXShellScriptBuildPhase section */

/* Begin PBXSourcesBuildPhase section */
		66EE0EBC12973E6200564419 /* Sources */ = {
			isa = PBXSourcesBuildPhase;
			buildActionMask = 2147483647;
			files = (
				66EE0EF61297467700564419 /* LayoutViewAppDelegate.m in Sources */,
				66EE0F251297480F00564419 /* main.m in Sources */,
				66EE0FEC1297555200564419 /* PokerStarsTheme.m in Sources */,
			);
			runOnlyForDeploymentPostprocessing = 0;
		};
		8D11072C0486CEB800E47090 /* Sources */ = {
			isa = PBXSourcesBuildPhase;
			buildActionMask = 2147483647;
			files = (
				8D11072D0486CEB800E47090 /* main.m in Sources */,
				0E2A1AA10FCFB91200471032 /* AppController.m in Sources */,
				0E2A1AA60FCFB9AD00471032 /* Menulet.m in Sources */,
				0E2A1BD90FD0614B00471032 /* DBPrefsWindowController.m in Sources */,
				0E2A1BDC0FD061E300471032 /* PrefsWindowController.m in Sources */,
				0EC6840F0FD3984D000A33AA /* HKDispatchController.m in Sources */,
				0EF91D700FDB805F00FB01E7 /* HKThemeController.m in Sources */,
				0E85D1C10FDE43EE00E8E225 /* HKWindowManager.m in Sources */,
				0EA4FC0E0FE174CC00CEE1BE /* CTGradient.m in Sources */,
				0EA4FC0F0FE174CC00CEE1BE /* SRCommon.m in Sources */,
				0EA4FC100FE174CC00CEE1BE /* SRKeyCodeTransformer.m in Sources */,
				0EA4FC110FE174CC00CEE1BE /* SRRecorderCell.m in Sources */,
				0EA4FC120FE174CC00CEE1BE /* SRRecorderControl.m in Sources */,
				0EA4FC130FE174CC00CEE1BE /* SRValidator.m in Sources */,
				0EE7BD980FE7718500F1429A /* HKScreenScraper.m in Sources */,
				0EE7BE0F0FE775BA00F1429A /* TFTesseractWrapper.m in Sources */,
				0EE7BE100FE775BA00F1429A /* OpenGLScreenReader.m in Sources */,
				0E63778610E194D500A3DF98 /* PrefsView.m in Sources */,
				0ED0FBF710E21352000DF720 /* template.applescript in Sources */,
				AA286D1B10E92C3C00D8DBED /* PokerStarsInfo.m in Sources */,
				AA286D1C10E92C3C00D8DBED /* PokerStarsTheme.m in Sources */,
				0E8A2EF310F49A2F00C26293 /* HKTransparentBorderedView.m in Sources */,
				0E8A2FE410F53FF800C26293 /* HKTransparentWindow.m in Sources */,
				0E33E22C10F6DFEA004C9847 /* HKLowLevel.m in Sources */,
				0ECA761A1104F8BC00562BF2 /* FramePreviewView.m in Sources */,
				AA667C9B110CDE3400B778E8 /* AboutWindowController.m in Sources */,
				0EAD6628111A60A800FCE08C /* DSClickableURLTextField.m in Sources */,
				0E09148511729C0200F5928A /* FullTiltTheme.m in Sources */,
				0E0914891172BB7400F5928A /* FullTiltInfo.m in Sources */,
			);
			runOnlyForDeploymentPostprocessing = 0;
		};
/* End PBXSourcesBuildPhase section */

/* Begin PBXTargetDependency section */
		0EA8087A1020E78C004F84D0 /* PBXTargetDependency */ = {
			isa = PBXTargetDependency;
			target = 8D1107260486CEB800E47090 /* PokerHK */;
			targetProxy = 0EA808791020E78C004F84D0 /* PBXContainerItemProxy */;
		};
/* End PBXTargetDependency section */

/* Begin PBXVariantGroup section */
		089C165CFE840E0CC02AAC07 /* InfoPlist.strings */ = {
			isa = PBXVariantGroup;
			children = (
				089C165DFE840E0CC02AAC07 /* English */,
			);
			name = InfoPlist.strings;
			sourceTree = "<group>";
		};
		0E2A1BDE0FD063EA00471032 /* Preferences.xib */ = {
			isa = PBXVariantGroup;
			children = (
				0E2A1BDF0FD063EA00471032 /* English */,
			);
			name = Preferences.xib;
			sourceTree = "<group>";
		};
		0EB20C9710028679008A5D14 /* BlazingStars Help */ = {
			isa = PBXVariantGroup;
			children = (
				0EB20C9810028679008A5D14 /* English */,
			);
			name = "BlazingStars Help";
			sourceTree = "<group>";
		};
		1DDD58140DA1D0A300B32029 /* MainMenu.xib */ = {
			isa = PBXVariantGroup;
			children = (
				1DDD58150DA1D0A300B32029 /* English */,
			);
			name = MainMenu.xib;
			sourceTree = "<group>";
		};
/* End PBXVariantGroup section */

/* Begin XCBuildConfiguration section */
		0EA808721020E77E004F84D0 /* Debug */ = {
			isa = XCBuildConfiguration;
			buildSettings = {
				COPY_PHASE_STRIP = NO;
				GCC_DYNAMIC_NO_PIC = NO;
				GCC_OPTIMIZATION_LEVEL = 0;
				PRODUCT_NAME = BlazingStars;
			};
			name = Debug;
		};
		0EA808731020E77E004F84D0 /* Release */ = {
			isa = XCBuildConfiguration;
			buildSettings = {
				COPY_PHASE_STRIP = YES;
				DEBUG_INFORMATION_FORMAT = "dwarf-with-dsym";
				GCC_ENABLE_FIX_AND_CONTINUE = NO;
				PRODUCT_NAME = BlazingStars;
				ZERO_LINK = NO;
			};
			name = Release;
		};
		66EE0EC212973E6300564419 /* Debug */ = {
			isa = XCBuildConfiguration;
			buildSettings = {
				ALWAYS_SEARCH_USER_PATHS = NO;
				COPY_PHASE_STRIP = NO;
				GCC_DYNAMIC_NO_PIC = NO;
				GCC_ENABLE_FIX_AND_CONTINUE = YES;
				GCC_MODEL_TUNING = G5;
				GCC_OPTIMIZATION_LEVEL = 0;
				GCC_PRECOMPILE_PREFIX_HEADER = YES;
				GCC_PREFIX_HEADER = "$(SYSTEM_LIBRARY_DIR)/Frameworks/AppKit.framework/Headers/AppKit.h";
				INFOPLIST_FILE = "LayoutViewer-Info.plist";
				INSTALL_PATH = "$(HOME)/Applications";
				OTHER_LDFLAGS = (
					"-framework",
					Foundation,
					"-framework",
					AppKit,
				);
				PREBINDING = NO;
				PRODUCT_NAME = LayoutViewer;
				SDKROOT = macosx;
			};
			name = Debug;
		};
		66EE0EC312973E6300564419 /* Release */ = {
			isa = XCBuildConfiguration;
			buildSettings = {
				ALWAYS_SEARCH_USER_PATHS = NO;
				COPY_PHASE_STRIP = YES;
				DEBUG_INFORMATION_FORMAT = "dwarf-with-dsym";
				GCC_ENABLE_FIX_AND_CONTINUE = NO;
				GCC_MODEL_TUNING = G5;
				GCC_PRECOMPILE_PREFIX_HEADER = YES;
				GCC_PREFIX_HEADER = "$(SYSTEM_LIBRARY_DIR)/Frameworks/AppKit.framework/Headers/AppKit.h";
				INFOPLIST_FILE = "LayoutViewer-Info.plist";
				INSTALL_PATH = "$(HOME)/Applications";
				OTHER_LDFLAGS = (
					"-framework",
					Foundation,
					"-framework",
					AppKit,
				);
				PREBINDING = NO;
				PRODUCT_NAME = LayoutViewer;
				ZERO_LINK = NO;
			};
			name = Release;
		};
		C01FCF4B08A954540054247B /* Debug */ = {
			isa = XCBuildConfiguration;
			buildSettings = {
				ALWAYS_SEARCH_USER_PATHS = NO;
				COPY_PHASE_STRIP = NO;
				CURRENT_PROJECT_VERSION = 31;
				FRAMEWORK_SEARCH_PATHS = (
					"$(inherited)",
					"\"$(SRCROOT)\"",
				);
				GCC_DYNAMIC_NO_PIC = NO;
				GCC_ENABLE_FIX_AND_CONTINUE = YES;
				GCC_MODEL_TUNING = G5;
				GCC_OPTIMIZATION_LEVEL = 0;
				GCC_PRECOMPILE_PREFIX_HEADER = YES;
				GCC_PREFIX_HEADER = PokerHK_Prefix.pch;
				INFOPLIST_FILE = Info.plist;
				INSTALL_PATH = "$(HOME)/Applications";
				PRODUCT_NAME = BlazingStars;
				VERSIONING_SYSTEM = "";
			};
			name = Debug;
		};
		C01FCF4C08A954540054247B /* Release */ = {
			isa = XCBuildConfiguration;
			buildSettings = {
				ALWAYS_SEARCH_USER_PATHS = NO;
				CURRENT_PROJECT_VERSION = 31;
				DEBUG_INFORMATION_FORMAT = "dwarf-with-dsym";
				FRAMEWORK_SEARCH_PATHS = (
					"$(inherited)",
					"\"$(SRCROOT)\"",
				);
				GCC_MODEL_TUNING = G5;
				GCC_PRECOMPILE_PREFIX_HEADER = YES;
				GCC_PREFIX_HEADER = PokerHK_Prefix.pch;
				INFOPLIST_FILE = Info.plist;
				INSTALL_PATH = "$(HOME)/Applications";
				PRODUCT_NAME = BlazingStars;
				VERSIONING_SYSTEM = "";
			};
			name = Release;
		};
		C01FCF4F08A954540054247B /* Debug */ = {
			isa = XCBuildConfiguration;
			buildSettings = {
				ARCHS = "$(ARCHS_STANDARD_32_BIT)";
				CURRENT_PROJECT_VERSION = 31;
				GCC_C_LANGUAGE_STANDARD = c99;
				GCC_ENABLE_OBJC_GC = required;
				GCC_OPTIMIZATION_LEVEL = 0;
				GCC_WARN_ABOUT_RETURN_TYPE = YES;
				GCC_WARN_UNUSED_VARIABLE = YES;
				ONLY_ACTIVE_ARCH = YES;
				PREBINDING = NO;
				PRODUCT_NAME = BlazingStars;
				SDKROOT = macosx10.5;
				VERSIONING_SYSTEM = "apple-generic";
			};
			name = Debug;
		};
		C01FCF5008A954540054247B /* Release */ = {
			isa = XCBuildConfiguration;
			buildSettings = {
				ARCHS = "$(ARCHS_STANDARD_32_BIT)";
				CURRENT_PROJECT_VERSION = 31;
				GCC_C_LANGUAGE_STANDARD = c99;
				GCC_ENABLE_OBJC_GC = required;
				GCC_WARN_ABOUT_RETURN_TYPE = YES;
				GCC_WARN_UNUSED_VARIABLE = YES;
				PREBINDING = NO;
				PRODUCT_NAME = BlazingStars;
				SDKROOT = macosx10.5;
				VERSIONING_SYSTEM = "apple-generic";
			};
			name = Release;
		};
/* End XCBuildConfiguration section */

/* Begin XCConfigurationList section */
		0EA808781020E782004F84D0 /* Build configuration list for PBXAggregateTarget "BlazingStars" */ = {
			isa = XCConfigurationList;
			buildConfigurations = (
				0EA808721020E77E004F84D0 /* Debug */,
				0EA808731020E77E004F84D0 /* Release */,
			);
			defaultConfigurationIsVisible = 0;
			defaultConfigurationName = Release;
		};
		66EE0EC412973E6300564419 /* Build configuration list for PBXNativeTarget "LayoutViewer" */ = {
			isa = XCConfigurationList;
			buildConfigurations = (
				66EE0EC212973E6300564419 /* Debug */,
				66EE0EC312973E6300564419 /* Release */,
			);
			defaultConfigurationIsVisible = 0;
			defaultConfigurationName = Release;
		};
		C01FCF4A08A954540054247B /* Build configuration list for PBXNativeTarget "PokerHK" */ = {
			isa = XCConfigurationList;
			buildConfigurations = (
				C01FCF4B08A954540054247B /* Debug */,
				C01FCF4C08A954540054247B /* Release */,
			);
			defaultConfigurationIsVisible = 0;
			defaultConfigurationName = Release;
		};
		C01FCF4E08A954540054247B /* Build configuration list for PBXProject "PokerHK" */ = {
			isa = XCConfigurationList;
			buildConfigurations = (
				C01FCF4F08A954540054247B /* Debug */,
				C01FCF5008A954540054247B /* Release */,
			);
			defaultConfigurationIsVisible = 0;
			defaultConfigurationName = Release;
		};
/* End XCConfigurationList section */
	};
	rootObject = 29B97313FDCFA39411CA2CEA /* Project object */;
}
